{
  "name": "smeagol-wiki",
  "version": "0.1.0",
  "lockfileVersion": 2,
  "requires": true,
  "packages": {
    "": {
      "name": "smeagol-wiki",
      "version": "0.1.0",
      "license": "MIT",
      "dependencies": {
        "@primer/css": "^20.4.0",
        "@primer/octicons": "^17.5.0"
      }
    },
    "node_modules/@primer/css": {
      "version": "20.4.6",
      "resolved": "https://registry.npmjs.org/@primer/css/-/css-20.4.6.tgz",
      "integrity": "sha512-GsX9FgZO6WM7j8Ar1YjTdUMYh59meSUFEq+jbU+cT6bmb0HJYzDzG0WJOzRYSbzQPACeU0E7TycPCGTG4POlCw==",
      "dependencies": {
        "@primer/primitives": "^7.9.0"
      },
      "engines": {
        "node": "^12.20.0 || ^14.13.1 || >=16.0.0"
      }
    },
    "node_modules/@primer/octicons": {
      "version": "17.6.0",
      "resolved": "https://registry.npmjs.org/@primer/octicons/-/octicons-17.6.0.tgz",
      "integrity": "sha512-aLXU7zwl6Z5BBL93RiQX//D6isO9avU4SwEt6qsTm5mo6CiKUDBEwwz9tUlYJcRTWbZKsyt4Lpg/oUT+tqbxuQ==",
      "dependencies": {
        "object-assign": "^4.1.1"
      }
    },
    "node_modules/@primer/primitives": {
      "version": "7.9.0",
      "resolved": "https://registry.npmjs.org/@primer/primitives/-/primitives-7.9.0.tgz",
      "integrity": "sha512-ZHHfwB0z0z6nDJp263gyGIClYDy+rl0nwqyi4qhcv3Cxhkmtf+If2KVjr6FQqBBFfi1wQwUzaax2FBvfEMFBnw=="
    },
    "node_modules/object-assign": {
      "version": "4.1.1",
      "resolved": "https://registry.npmjs.org/object-assign/-/object-assign-4.1.1.tgz",
      "integrity": "sha1-IQmtx5ZYh8/AXLvUQsrIv7s2CGM=",
      "engines": {
        "node": ">=0.10.0"
      }
    }
  },
  "dependencies": {
    "@primer/css": {
      "version": "20.4.6",
      "resolved": "https://registry.npmjs.org/@primer/css/-/css-20.4.6.tgz",
      "integrity": "sha512-GsX9FgZO6WM7j8Ar1YjTdUMYh59meSUFEq+jbU+cT6bmb0HJYzDzG0WJOzRYSbzQPACeU0E7TycPCGTG4POlCw==",
      "requires": {
        "@primer/primitives": "^7.9.0"
      }
    },
    "@primer/octicons": {
      "version": "17.6.0",
      "resolved": "https://registry.npmjs.org/@primer/octicons/-/octicons-17.6.0.tgz",
      "integrity": "sha512-aLXU7zwl6Z5BBL93RiQX//D6isO9avU4SwEt6qsTm5mo6CiKUDBEwwz9tUlYJcRTWbZKsyt4Lpg/oUT+tqbxuQ==",
      "requires": {
        "object-assign": "^4.1.1"
      }
    },
    "@primer/primitives": {
      "version": "7.9.0",
      "resolved": "https://registry.npmjs.org/@primer/primitives/-/primitives-7.9.0.tgz",
      "integrity": "sha512-ZHHfwB0z0z6nDJp263gyGIClYDy+rl0nwqyi4qhcv3Cxhkmtf+If2KVjr6FQqBBFfi1wQwUzaax2FBvfEMFBnw=="
    },
    "object-assign": {
      "version": "4.1.1",
      "resolved": "https://registry.npmjs.org/object-assign/-/object-assign-4.1.1.tgz",
      "integrity": "sha1-IQmtx5ZYh8/AXLvUQsrIv7s2CGM="
    }
  }
}
