{
  "name": "smeagol-wiki",
  "version": "0.1.0",
  "lockfileVersion": 2,
  "requires": true,
  "packages": {
    "": {
      "name": "smeagol-wiki",
      "version": "0.1.0",
      "license": "MIT",
      "dependencies": {
        "@primer/css": "^19.1.1",
        "@primer/octicons": "^16.3.0"
      }
    },
    "node_modules/@primer/css": {
      "version": "19.1.1",
      "resolved": "https://registry.npmjs.org/@primer/css/-/css-19.1.1.tgz",
      "integrity": "sha512-QVwdNOJsLxOD6eTR5LDIdLWg2SIy+eZWMK4ywlLd8qZXJCngtJyTNO5PtSzgs0D9jlMS+dzxvlOOV6GcfLu1hw==",
      "dependencies": {
        "@primer/primitives": "^7.2.0"
      },
      "engines": {
        "node": "^12.20.0 || ^14.13.1 || >=16.0.0"
      }
    },
    "node_modules/@primer/octicons": {
      "version": "16.3.0",
      "resolved": "https://registry.npmjs.org/@primer/octicons/-/octicons-16.3.0.tgz",
      "integrity": "sha512-kOVIGDkd7s2hx0E4FHyJblzGSTiOX+a//eu9CPSM0hYr26Sr+m0bIiTYHNPVLDh9apF9WdK8ub/eqgrE8U4iEA==",
      "dependencies": {
        "object-assign": "^4.1.1"
      }
    },
    "node_modules/@primer/primitives": {
      "version": "7.4.0",
      "resolved": "https://registry.npmjs.org/@primer/primitives/-/primitives-7.4.0.tgz",
      "integrity": "sha512-gD6yHXN7YKox/bdUNgxhoSS/WXZVaORK1r4dOAyTrdoPrLV/ucIfRInPyVcTF+Mqr0zcTFJtiMtuA5Y8CSyOEg=="
    },
    "node_modules/object-assign": {
      "version": "4.1.1",
      "resolved": "https://registry.npmjs.org/object-assign/-/object-assign-4.1.1.tgz",
      "integrity": "sha1-IQmtx5ZYh8/AXLvUQsrIv7s2CGM=",
      "engines": {
        "node": ">=0.10.0"
      }
    }
  },
  "dependencies": {
    "@primer/css": {
      "version": "19.1.1",
      "resolved": "https://registry.npmjs.org/@primer/css/-/css-19.1.1.tgz",
      "integrity": "sha512-QVwdNOJsLxOD6eTR5LDIdLWg2SIy+eZWMK4ywlLd8qZXJCngtJyTNO5PtSzgs0D9jlMS+dzxvlOOV6GcfLu1hw==",
      "requires": {
        "@primer/primitives": "^7.2.0"
      }
    },
    "@primer/octicons": {
      "version": "16.3.0",
      "resolved": "https://registry.npmjs.org/@primer/octicons/-/octicons-16.3.0.tgz",
      "integrity": "sha512-kOVIGDkd7s2hx0E4FHyJblzGSTiOX+a//eu9CPSM0hYr26Sr+m0bIiTYHNPVLDh9apF9WdK8ub/eqgrE8U4iEA==",
      "requires": {
        "object-assign": "^4.1.1"
      }
    },
    "@primer/primitives": {
      "version": "7.4.0",
      "resolved": "https://registry.npmjs.org/@primer/primitives/-/primitives-7.4.0.tgz",
      "integrity": "sha512-gD6yHXN7YKox/bdUNgxhoSS/WXZVaORK1r4dOAyTrdoPrLV/ucIfRInPyVcTF+Mqr0zcTFJtiMtuA5Y8CSyOEg=="
    },
    "object-assign": {
      "version": "4.1.1",
      "resolved": "https://registry.npmjs.org/object-assign/-/object-assign-4.1.1.tgz",
      "integrity": "sha1-IQmtx5ZYh8/AXLvUQsrIv7s2CGM="
    }
  }
}
